
Microsoft Visual Studio Solution File, Format Version 11.00
# Visual Studio 2010
Project("{FAE04EC0-301F-11D3-BF4B-00C04F79EFBC}") = "prjTCS", "Assembly-CSharp.csproj", "{7F5D5576-9375-3885-979B-02F230921636}"
EndProject
Project("{FAE04EC0-301F-11D3-BF4B-00C04F79EFBC}") = "prjTCS", "Assembly-CSharp-Editor.csproj", "{1E88DB17-973A-D56C-8757-7E3EF68960F6}"
EndProject
Global
	GlobalSection(SolutionConfigurationPlatforms) = preSolution
		Debug|Any CPU = Debug|Any CPU
		Release|Any CPU = Release|Any CPU
	EndGlobalSection
	GlobalSection(ProjectConfigurationPlatforms) = postSolution
		{7F5D5576-9375-3885-979B-02F230921636}.Debug|Any CPU.ActiveCfg = Debug|Any CPU
		{7F5D5576-9375-3885-979B-02F230921636}.Debug|Any CPU.Build.0 = Debug|Any CPU
		{7F5D5576-9375-3885-979B-02F230921636}.Release|Any CPU.ActiveCfg = Release|Any CPU
		{7F5D5576-9375-3885-979B-02F230921636}.Release|Any CPU.Build.0 = Release|Any CPU
		{1E88DB17-973A-D56C-8757-7E3EF68960F6}.Debug|Any CPU.ActiveCfg = Debug|Any CPU
		{1E88DB17-973A-D56C-8757-7E3EF68960F6}.Debug|Any CPU.Build.0 = Debug|Any CPU
		{1E88DB17-973A-D56C-8757-7E3EF68960F6}.Release|Any CPU.ActiveCfg = Release|Any CPU
		{1E88DB17-973A-D56C-8757-7E3EF68960F6}.Release|Any CPU.Build.0 = Release|Any CPU
	EndGlobalSection
	GlobalSection(SolutionProperties) = preSolution
		HideSolutionNode = FALSE
	EndGlobalSection
	GlobalSection(MonoDevelopProperties) = preSolution
		StartupItem = Assembly-CSharp.csproj
	EndGlobalSection
EndGlobal
